
Microsoft Visual Studio Solution File, Format Version 12.00
# Visual Studio 15
Project("{FAE04EC0-301F-11D3-BF4B-00C04F79EFBC}") = "Move_Test", "Assembly-CSharp.csproj", "{F520AA9A-CC41-384C-35C5-A827017F989E}"
EndProject
Global
	GlobalSection(SolutionConfigurationPlatforms) = preSolution
		Debug|Any CPU = Debug|Any CPU
		Release|Any CPU = Release|Any CPU
	EndGlobalSection
	GlobalSection(ProjectConfigurationPlatforms) = postSolution
		{F520AA9A-CC41-384C-35C5-A827017F989E}.Debug|Any CPU.ActiveCfg = Debug|Any CPU
		{F520AA9A-CC41-384C-35C5-A827017F989E}.Debug|Any CPU.Build.0 = Debug|Any CPU
		{F520AA9A-CC41-384C-35C5-A827017F989E}.Release|Any CPU.ActiveCfg = Release|Any CPU
		{F520AA9A-CC41-384C-35C5-A827017F989E}.Release|Any CPU.Build.0 = Release|Any CPU
	EndGlobalSection
	GlobalSection(SolutionProperties) = preSolution
		HideSolutionNode = FALSE
	EndGlobalSection
EndGlobal
